
Microsoft Visual Studio Solution File, Format Version 12.00
# Visual Studio Version 17
VisualStudioVersion = 17.7.34221.43
MinimumVisualStudioVersion = 10.0.40219.1
Project("{FAE04EC0-301F-11D3-BF4B-00C04F79EFBC}") = "MoreLINQAndListsHW", "MoreLINQAndListsHW\MoreLINQAndListsHW.csproj", "{0CB82688-A222-494B-B7BE-BC24665772E2}"
EndProject
Global
	GlobalSection(SolutionConfigurationPlatforms) = preSolution
		Debug|Any CPU = Debug|Any CPU
		Release|Any CPU = Release|Any CPU
	EndGlobalSection
	GlobalSection(ProjectConfigurationPlatforms) = postSolution
		{0CB82688-A222-494B-B7BE-BC24665772E2}.Debug|Any CPU.ActiveCfg = Debug|Any CPU
		{0CB82688-A222-494B-B7BE-BC24665772E2}.Debug|Any CPU.Build.0 = Debug|Any CPU
		{0CB82688-A222-494B-B7BE-BC24665772E2}.Release|Any CPU.ActiveCfg = Release|Any CPU
		{0CB82688-A222-494B-B7BE-BC24665772E2}.Release|Any CPU.Build.0 = Release|Any CPU
	EndGlobalSection
	GlobalSection(SolutionProperties) = preSolution
		HideSolutionNode = FALSE
	EndGlobalSection
	GlobalSection(ExtensibilityGlobals) = postSolution
		SolutionGuid = {2BF18D6F-D2C5-4548-8BE9-4AEC3854D5C2}
	EndGlobalSection
EndGlobal
